<?xml version="1.0" encoding="utf-8"?>
<Project ToolsVersion="4.0" xmlns="http://schemas.microsoft.com/developer/msbuild/2003">
  <ItemGroup>
    <Filter Include="Исходные файлы">
      <UniqueIdentifier>{4FC737F1-C7A5-4376-A066-2A32D752A2FF}</UniqueIdentifier>
      <Extensions>cpp;c;cc;cxx;def;odl;idl;hpj;bat;asm;asmx</Extensions>
    </Filter>
    <Filter Include="Файлы ресурсов">
      <UniqueIdentifier>{67DA6AB6-F800-4c08-8B7A-83BB121AAD01}</UniqueIdentifier>
      <Extensions>rc;ico;cur;bmp;dlg;rc2;rct;bin;rgs;gif;jpg;jpeg;jpe;resx;tiff;tif;png;wav;mfcribbon-ms</Extensions>
    </Filter>
    <Filter Include="Исходные файлы\block">
      <UniqueIdentifier>{9e3338be-fc96-4a63-8c8b-4d9619318a1f}</UniqueIdentifier>
    </Filter>
    <Filter Include="Файлы заголовков">
      <UniqueIdentifier>{93995380-89BD-4b04-88EB-625FBE52EBFB}</UniqueIdentifier>
      <Extensions>h;hh;hpp;hxx;hm;inl;inc;ipp;xsd</Extensions>
    </Filter>
    <Filter Include="Файлы заголовков\block">
      <UniqueIdentifier>{80f7784b-666f-4a68-9bf5-8da6a364040a}</UniqueIdentifier>
    </Filter>
    <Filter Include="Исходные файлы\world">
      <UniqueIdentifier>{106a6e6f-015b-495d-8cf4-e52b4bb8371b}</UniqueIdentifier>
    </Filter>
    <Filter Include="Файлы заголовков\world">
      <UniqueIdentifier>{173dfbac-dd42-430f-b236-781819adcb86}</UniqueIdentifier>
    </Filter>
    <Filter Include="Исходные файлы\utils">
      <UniqueIdentifier>{f452187b-990a-4fec-9e77-bbc3861000de}</UniqueIdentifier>
    </Filter>
    <Filter Include="Файлы заголовков\utils">
      <UniqueIdentifier>{c58eb89c-7a85-4360-8769-19bb853d2082}</UniqueIdentifier>
    </Filter>
  </ItemGroup>
  <ItemGroup>
    <ClCompile Include="main.cpp">
      <Filter>Исходные файлы</Filter>
    </ClCompile>
    <ClCompile Include="player.cpp">
      <Filter>Исходные файлы</Filter>
    </ClCompile>
    <ClCompile Include="block.cpp">
      <Filter>Исходные файлы\block</Filter>
    </ClCompile>
    <ClCompile Include="tessellator.cpp">
      <Filter>Исходные файлы</Filter>
    </ClCompile>
    <ClCompile Include="world.cpp">
      <Filter>Исходные файлы\world</Filter>
    </ClCompile>
    <ClCompile Include="chunk.cpp">
      <Filter>Исходные файлы\world</Filter>
    </ClCompile>
    <ClCompile Include="utils.cpp">
      <Filter>Исходные файлы\utils</Filter>
    </ClCompile>
    <ClCompile Include="timers.cpp">
      <Filter>Исходные файлы\utils</Filter>
    </ClCompile>
    <ClCompile Include="textures.cpp">
      <Filter>Исходные файлы\utils</Filter>
    </ClCompile>
    <ClCompile Include="font.cpp">
      <Filter>Исходные файлы\utils</Filter>
    </ClCompile>
    <ClCompile Include="frustum.cpp">
      <Filter>Исходные файлы\utils</Filter>
    </ClCompile>
    <ClCompile Include="BlockAir.cpp">
      <Filter>Исходные файлы\block</Filter>
    </ClCompile>
    <ClCompile Include="WorldRenderer.cpp">
      <Filter>Исходные файлы\world</Filter>
    </ClCompile>
    <ClCompile Include="BlockDirt.cpp">
      <Filter>Исходные файлы\block</Filter>
    </ClCompile>
    <ClCompile Include="BlockGrass.cpp">
      <Filter>Исходные файлы\block</Filter>
    </ClCompile>
    <ClCompile Include="CollisionBox.cpp">
      <Filter>Исходные файлы</Filter>
    </ClCompile>
    <ClCompile Include="ObjectSelector.cpp">
      <Filter>Исходные файлы</Filter>
    </ClCompile>
  </ItemGroup>
  <ItemGroup>
    <ClInclude Include="main.h">
      <Filter>Файлы заголовков</Filter>
    </ClInclude>
    <ClInclude Include="player.h">
      <Filter>Файлы заголовков</Filter>
    </ClInclude>
    <ClInclude Include="resource.h">
      <Filter>Файлы заголовков</Filter>
    </ClInclude>
    <ClInclude Include="block.h">
      <Filter>Файлы заголовков\block</Filter>
    </ClInclude>
    <ClInclude Include="tessellator.h">
      <Filter>Файлы заголовков</Filter>
    </ClInclude>
    <ClInclude Include="chunk.h">
      <Filter>Файлы заголовков\world</Filter>
    </ClInclude>
    <ClInclude Include="world.h">
      <Filter>Файлы заголовков\world</Filter>
    </ClInclude>
    <ClInclude Include="timers.h">
      <Filter>Файлы заголовков\utils</Filter>
    </ClInclude>
    <ClInclude Include="utils.h">
      <Filter>Файлы заголовков\utils</Filter>
    </ClInclude>
    <ClInclude Include="textures.h">
      <Filter>Файлы заголовков\utils</Filter>
    </ClInclude>
    <ClInclude Include="font.h">
      <Filter>Файлы заголовков\utils</Filter>
    </ClInclude>
    <ClInclude Include="frustum.h">
      <Filter>Файлы заголовков\utils</Filter>
    </ClInclude>
    <ClInclude Include="BlockAir.h">
      <Filter>Файлы заголовков\block</Filter>
    </ClInclude>
    <ClInclude Include="WorldRenderer.h">
      <Filter>Файлы заголовков\world</Filter>
    </ClInclude>
    <ClInclude Include="BlockDirt.h">
      <Filter>Файлы заголовков\block</Filter>
    </ClInclude>
    <ClInclude Include="BlockGrass.h">
      <Filter>Файлы заголовков\block</Filter>
    </ClInclude>
    <ClInclude Include="CollisionBox.h">
      <Filter>Файлы заголовков</Filter>
    </ClInclude>
    <ClInclude Include="ObjectSelector.h">
      <Filter>Файлы заголовков</Filter>
    </ClInclude>
  </ItemGroup>
  <ItemGroup>
    <ResourceCompile Include="Cubixcraft.rc">
      <Filter>Файлы ресурсов</Filter>
    </ResourceCompile>
  </ItemGroup>
  <ItemGroup>
    <Image Include="res\tree32x32.ico">
      <Filter>Файлы ресурсов</Filter>
    </Image>
  </ItemGroup>
</Project>